// !$*UTF8*$!
{
	archiveVersion = 1;
	classes = {
	};
	objectVersion = 77;
	objects = {

/* Begin PBXBuildFile section */
		460EAF012F9BA93800331994 /* FirebaseAnalytics in Frameworks */ = {isa = PBXBuildFile; productRef = 460EAF002F9BA93800331994 /* FirebaseAnalytics */; };
		460EAF032F9BA93800331994 /* FirebaseAuth in Frameworks */ = {isa = PBXBuildFile; productRef = 460EAF022F9BA93800331994 /* FirebaseAuth */; };
		460EAF052F9BA93800331994 /* FirebaseFirestore in Frameworks */ = {isa = PBXBuildFile; productRef = 460EAF042F9BA93800331994 /* FirebaseFirestore */; };
		460EAF072F9BA93800331994 /* FirebaseMessaging in Frameworks */ = {isa = PBXBuildFile; productRef = 460EAF062F9BA93800331994 /* FirebaseMessaging */; };
		467C66952FA888DD004A0E7A /* LearnTrackWidgetExtension.appex in Embed Foundation Extensions */ = {isa = PBXBuildFile; fileRef = 467C66812FA888DB004A0E7A /* LearnTrackWidgetExtension.appex */; settings = {ATTRIBUTES = (RemoveHeadersOnCopy, ); }; };
		467C669B2FA8898F004A0E7A /* WidgetKit.framework in Frameworks */ = {isa = PBXBuildFile; fileRef = 467C66832FA888DB004A0E7A /* WidgetKit.framework */; };
		4699944C2FAB5C70008B3CAB /* ActivityKit.framework in Frameworks */ = {isa = PBXBuildFile; fileRef = 46AC70002FA9000000AC7001 /* ActivityKit.framework */; };
		4699944F2FAB5D11008B3CAB /* EventKit.framework in Frameworks */ = {isa = PBXBuildFile; fileRef = 469994502FAB5D11008B3CAB /* EventKit.framework */; };
		46AC70022FA9000000AC7001 /* ActivityKit.framework in Frameworks */ = {isa = PBXBuildFile; fileRef = 46AC70002FA9000000AC7001 /* ActivityKit.framework */; };
		46TEST0062F9B1CF500EB8FA9 /* StudySessionTests.swift in Sources */ = {isa = PBXBuildFile; fileRef = 46TEST0022F9B1CF500EB8FA9 /* StudySessionTests.swift */; };
		46TEST0072F9B1CF500EB8FA9 /* SubjectTests.swift in Sources */ = {isa = PBXBuildFile; fileRef = 46TEST0032F9B1CF500EB8FA9 /* SubjectTests.swift */; };
		46TEST0082F9B1CF500EB8FA9 /* UserTests.swift in Sources */ = {isa = PBXBuildFile; fileRef = 46TEST0042F9B1CF500EB8FA9 /* UserTests.swift */; };
/* End PBXBuildFile section */

/* Begin PBXContainerItemProxy section */
		467C66932FA888DD004A0E7A /* PBXContainerItemProxy */ = {
			isa = PBXContainerItemProxy;
			containerPortal = 4604F6A02F9B1CF500EB8FA9 /* Project object */;
			proxyType = 1;
			remoteGlobalIDString = 467C66802FA888DB004A0E7A;
			remoteInfo = LearnTrackWidgetExtension;
		};
		46TEST0122F9B1CF500EB8FA9 /* PBXContainerItemProxy */ = {
			isa = PBXContainerItemProxy;
			containerPortal = 4604F6A02F9B1CF500EB8FA9 /* Project object */;
			proxyType = 1;
			remoteGlobalIDString = 4604F6A72F9B1CF500EB8FA9;
			remoteInfo = LearnTrack;
		};
/* End PBXContainerItemProxy section */

/* Begin PBXCopyFilesBuildPhase section */
		467C669A2FA888DD004A0E7A /* Embed Foundation Extensions */ = {
			isa = PBXCopyFilesBuildPhase;
			buildActionMask = 2147483647;
			dstPath = "";
			dstSubfolderSpec = 13;
			files = (
				467C66952FA888DD004A0E7A /* LearnTrackWidgetExtension.appex in Embed Foundation Extensions */,
			);
			name = "Embed Foundation Extensions";
			runOnlyForDeploymentPostprocessing = 0;
		};
/* End PBXCopyFilesBuildPhase section */

/* Begin PBXFileReference section */
		4604F6A82F9B1CF500EB8FA9 /* LearnTrack.app */ = {isa = PBXFileReference; explicitFileType = wrapper.application; includeInIndex = 0; path = LearnTrack.app; sourceTree = BUILT_PRODUCTS_DIR; };
		467C66812FA888DB004A0E7A /* LearnTrackWidgetExtension.appex */ = {isa = PBXFileReference; explicitFileType = "wrapper.app-extension"; includeInIndex = 0; path = LearnTrackWidgetExtension.appex; sourceTree = BUILT_PRODUCTS_DIR; };
		467C66832FA888DB004A0E7A /* WidgetKit.framework */ = {isa = PBXFileReference; lastKnownFileType = wrapper.framework; name = WidgetKit.framework; path = System/Library/Frameworks/WidgetKit.framework; sourceTree = SDKROOT; };
		467C66852FA888DB004A0E7A /* SwiftUI.framework */ = {isa = PBXFileReference; lastKnownFileType = wrapper.framework; name = SwiftUI.framework; path = System/Library/Frameworks/SwiftUI.framework; sourceTree = SDKROOT; };
		469994502FAB5D11008B3CAB /* EventKit.framework */ = {isa = PBXFileReference; lastKnownFileType = wrapper.framework; name = EventKit.framework; path = System/Library/Frameworks/EventKit.framework; sourceTree = SDKROOT; };
		46AC70002FA9000000AC7001 /* ActivityKit.framework */ = {isa = PBXFileReference; lastKnownFileType = wrapper.framework; name = ActivityKit.framework; path = System/Library/Frameworks/ActivityKit.framework; sourceTree = SDKROOT; };
		46TEST0012F9B1CF500EB8FA9 /* LearnTrackTests.xctest */ = {isa = PBXFileReference; explicitFileType = wrapper.cfbundle; includeInIndex = 0; path = LearnTrackTests.xctest; sourceTree = BUILT_PRODUCTS_DIR; };
		46TEST0022F9B1CF500EB8FA9 /* StudySessionTests.swift */ = {isa = PBXFileReference; lastKnownFileType = sourcecode.swift; path = StudySessionTests.swift; sourceTree = "<group>"; };
		46TEST0032F9B1CF500EB8FA9 /* SubjectTests.swift */ = {isa = PBXFileReference; lastKnownFileType = sourcecode.swift; path = SubjectTests.swift; sourceTree = "<group>"; };
		46TEST0042F9B1CF500EB8FA9 /* UserTests.swift */ = {isa = PBXFileReference; lastKnownFileType = sourcecode.swift; path = UserTests.swift; sourceTree = "<group>"; };
/* End PBXFileReference section */

/* Begin PBXFileSystemSynchronizedBuildFileExceptionSet section */
		467C66962FA888DD004A0E7A /* Exceptions for "LearnTrackWidget" folder in "LearnTrackWidgetExtension" target */ = {
			isa = PBXFileSystemSynchronizedBuildFileExceptionSet;
			membershipExceptions = (
				Info.plist,
			);
			target = 467C66802FA888DB004A0E7A /* LearnTrackWidgetExtension */;
		};
/* End PBXFileSystemSynchronizedBuildFileExceptionSet section */

/* Begin PBXFileSystemSynchronizedRootGroup section */
		4604F6AA2F9B1CF500EB8FA9 /* LearnTrack */ = {
			isa = PBXFileSystemSynchronizedRootGroup;
			path = LearnTrack;
			sourceTree = "<group>";
		};
		467C66872FA888DB004A0E7A /* LearnTrackWidget */ = {
			isa = PBXFileSystemSynchronizedRootGroup;
			exceptions = (
				467C66962FA888DD004A0E7A /* Exceptions for "LearnTrackWidget" folder in "LearnTrackWidgetExtension" target */,
			);
			path = LearnTrackWidget;
			sourceTree = "<group>";
		};
/* End PBXFileSystemSynchronizedRootGroup section */

/* Begin PBXFrameworksBuildPhase section */
		4604F6A52F9B1CF500EB8FA9 /* Frameworks */ = {
			isa = PBXFrameworksBuildPhase;
			buildActionMask = 2147483647;
			files = (
				460EAF012F9BA93800331994 /* FirebaseAnalytics in Frameworks */,
				460EAF032F9BA93800331994 /* FirebaseAuth in Frameworks */,
				4699944C2FAB5C70008B3CAB /* ActivityKit.framework in Frameworks */,
				460EAF052F9BA93800331994 /* FirebaseFirestore in Frameworks */,
				460EAF072F9BA93800331994 /* FirebaseMessaging in Frameworks */,
				4699944F2FAB5D11008B3CAB /* EventKit.framework in Frameworks */,
			);
			runOnlyForDeploymentPostprocessing = 0;
		};
		467C667E2FA888DB004A0E7A /* Frameworks */ = {
			isa = PBXFrameworksBuildPhase;
			buildActionMask = 2147483647;
			files = (
				46AC70022FA9000000AC7001 /* ActivityKit.framework in Frameworks */,
				467C669B2FA8898F004A0E7A /* WidgetKit.framework in Frameworks */,
			);
			runOnlyForDeploymentPostprocessing = 0;
		};
		46TEST0092F9B1CF500EB8FA9 /* Frameworks */ = {
			isa = PBXFrameworksBuildPhase;
			buildActionMask = 2147483647;
			files = (
			);
			runOnlyForDeploymentPostprocessing = 0;
		};
/* End PBXFrameworksBuildPhase section */

/* Begin PBXGroup section */
		4604F69F2F9B1CF500EB8FA9 = {
			isa = PBXGroup;
			children = (
				4604F6AA2F9B1CF500EB8FA9 /* LearnTrack */,
				467C66872FA888DB004A0E7A /* LearnTrackWidget */,
				46TEST0052F9B1CF500EB8FA9 /* LearnTrackTests */,
				467C66822FA888DB004A0E7A /* Frameworks */,
				4604F6A92F9B1CF500EB8FA9 /* Products */,
			);
			sourceTree = "<group>";
		};
		4604F6A92F9B1CF500EB8FA9 /* Products */ = {
			isa = PBXGroup;
			children = (
				4604F6A82F9B1CF500EB8FA9 /* LearnTrack.app */,
				467C66812FA888DB004A0E7A /* LearnTrackWidgetExtension.appex */,
				46TEST0012F9B1CF500EB8FA9 /* LearnTrackTests.xctest */,
			);
			name = Products;
			sourceTree = "<group>";
		};
		467C66822FA888DB004A0E7A /* Frameworks */ = {
			isa = PBXGroup;
			children = (
				46AC70002FA9000000AC7001 /* ActivityKit.framework */,
				469994502FAB5D11008B3CAB /* EventKit.framework */,
				467C66832FA888DB004A0E7A /* WidgetKit.framework */,
				467C66852FA888DB004A0E7A /* SwiftUI.framework */,
			);
			name = Frameworks;
			sourceTree = "<group>";
		};
		46TEST0052F9B1CF500EB8FA9 /* LearnTrackTests */ = {
			isa = PBXGroup;
			children = (
				46TEST0022F9B1CF500EB8FA9 /* StudySessionTests.swift */,
				46TEST0032F9B1CF500EB8FA9 /* SubjectTests.swift */,
				46TEST0042F9B1CF500EB8FA9 /* UserTests.swift */,
			);
			path = LearnTrackTests;
			sourceTree = "<group>";
		};
/* End PBXGroup section */

/* Begin PBXNativeTarget section */
		4604F6A72F9B1CF500EB8FA9 /* LearnTrack */ = {
			isa = PBXNativeTarget;
			buildConfigurationList = 4604F6B32F9B1CF600EB8FA9 /* Build configuration list for PBXNativeTarget "LearnTrack" */;
			buildPhases = (
				4604F6A42F9B1CF500EB8FA9 /* Sources */,
				4604F6A52F9B1CF500EB8FA9 /* Frameworks */,
				4604F6A62F9B1CF500EB8FA9 /* Resources */,
				467C669A2FA888DD004A0E7A /* Embed Foundation Extensions */,
			);
			buildRules = (
			);
			dependencies = (
				467C66942FA888DD004A0E7A /* PBXTargetDependency */,
			);
			fileSystemSynchronizedGroups = (
				4604F6AA2F9B1CF500EB8FA9 /* LearnTrack */,
			);
			name = LearnTrack;
			packageProductDependencies = (
				460EAF002F9BA93800331994 /* FirebaseAnalytics */,
				460EAF022F9BA93800331994 /* FirebaseAuth */,
				460EAF042F9BA93800331994 /* FirebaseFirestore */,
				460EAF062F9BA93800331994 /* FirebaseMessaging */,
			);
			productName = LearnTrack;
			productReference = 4604F6A82F9B1CF500EB8FA9 /* LearnTrack.app */;
			productType = "com.apple.product-type.application";
		};
		467C66802FA888DB004A0E7A /* LearnTrackWidgetExtension */ = {
			isa = PBXNativeTarget;
			buildConfigurationList = 467C66972FA888DD004A0E7A /* Build configuration list for PBXNativeTarget "LearnTrackWidgetExtension" */;
			buildPhases = (
				467C667D2FA888DB004A0E7A /* Sources */,
				467C667E2FA888DB004A0E7A /* Frameworks */,
				467C667F2FA888DB004A0E7A /* Resources */,
			);
			buildRules = (
			);
			dependencies = (
			);
			fileSystemSynchronizedGroups = (
				467C66872FA888DB004A0E7A /* LearnTrackWidget */,
			);
			name = LearnTrackWidgetExtension;
			packageProductDependencies = (
			);
			productName = LearnTrackWidgetExtension;
			productReference = 467C66812FA888DB004A0E7A /* LearnTrackWidgetExtension.appex */;
			productType = "com.apple.product-type.app-extension";
		};
		46TEST0132F9B1CF500EB8FA9 /* LearnTrackTests */ = {
			isa = PBXNativeTarget;
			buildConfigurationList = 46TEST0142F9B1CF500EB8FA9 /* Build configuration list for PBXNativeTarget "LearnTrackTests" */;
			buildPhases = (
				46TEST0102F9B1CF500EB8FA9 /* Sources */,
				46TEST0092F9B1CF500EB8FA9 /* Frameworks */,
			);
			buildRules = (
			);
			dependencies = (
				46TEST0112F9B1CF500EB8FA9 /* PBXTargetDependency */,
			);
			name = LearnTrackTests;
			packageProductDependencies = (
			);
			productName = LearnTrackTests;
			productReference = 46TEST0012F9B1CF500EB8FA9 /* LearnTrackTests.xctest */;
			productType = "com.apple.product-type.bundle.unit-test";
		};
/* End PBXNativeTarget section */

/* Begin PBXProject section */
		4604F6A02F9B1CF500EB8FA9 /* Project object */ = {
			isa = PBXProject;
			attributes = {
				BuildIndependentTargetsInParallel = 1;
				LastSwiftUpdateCheck = 2620;
				LastUpgradeCheck = 2620;
				TargetAttributes = {
					4604F6A72F9B1CF500EB8FA9 = {
						CreatedOnToolsVersion = 26.2;
					};
					467C66802FA888DB004A0E7A = {
						CreatedOnToolsVersion = 26.2;
					};
				};
			};
			buildConfigurationList = 4604F6A32F9B1CF500EB8FA9 /* Build configuration list for PBXProject "LearnTrack" */;
			developmentRegion = en;
			hasScannedForEncodings = 0;
			knownRegions = (
				en,
				Base,
			);
			mainGroup = 4604F69F2F9B1CF500EB8FA9;
			minimizedProjectReferenceProxies = 1;
			packageReferences = (
				460EAEFF2F9BA93800331994 /* XCRemoteSwiftPackageReference "firebase-ios-sdk" */,
			);
			preferredProjectObjectVersion = 77;
			productRefGroup = 4604F6A92F9B1CF500EB8FA9 /* Products */;
			projectDirPath = "";
			projectRoot = "";
			targets = (
				4604F6A72F9B1CF500EB8FA9 /* LearnTrack */,
				467C66802FA888DB004A0E7A /* LearnTrackWidgetExtension */,
				46TEST0132F9B1CF500EB8FA9 /* LearnTrackTests */,
			);
		};
/* End PBXProject section */

/* Begin PBXResourcesBuildPhase section */
		4604F6A62F9B1CF500EB8FA9 /* Resources */ = {
			isa = PBXResourcesBuildPhase;
			buildActionMask = 2147483647;
			files = (
			);
			runOnlyForDeploymentPostprocessing = 0;
		};
		467C667F2FA888DB004A0E7A /* Resources */ = {
			isa = PBXResourcesBuildPhase;
			buildActionMask = 2147483647;
			files = (
			);
			runOnlyForDeploymentPostprocessing = 0;
		};
/* End PBXResourcesBuildPhase section */

/* Begin PBXSourcesBuildPhase section */
		4604F6A42F9B1CF500EB8FA9 /* Sources */ = {
			isa = PBXSourcesBuildPhase;
			buildActionMask = 2147483647;
			files = (
			);
			runOnlyForDeploymentPostprocessing = 0;
		};
		467C667D2FA888DB004A0E7A /* Sources */ = {
			isa = PBXSourcesBuildPhase;
			buildActionMask = 2147483647;
			files = (
			);
			runOnlyForDeploymentPostprocessing = 0;
		};
		46TEST0102F9B1CF500EB8FA9 /* Sources */ = {
			isa = PBXSourcesBuildPhase;
			buildActionMask = 2147483647;
			files = (
				46TEST0062F9B1CF500EB8FA9 /* StudySessionTests.swift in Sources */,
				46TEST0072F9B1CF500EB8FA9 /* SubjectTests.swift in Sources */,
				46TEST0082F9B1CF500EB8FA9 /* UserTests.swift in Sources */,
			);
			runOnlyForDeploymentPostprocessing = 0;
		};
/* End PBXSourcesBuildPhase section */

/* Begin PBXTargetDependency section */
		467C66942FA888DD004A0E7A /* PBXTargetDependency */ = {
			isa = PBXTargetDependency;
			target = 467C66802FA888DB004A0E7A /* LearnTrackWidgetExtension */;
			targetProxy = 467C66932FA888DD004A0E7A /* PBXContainerItemProxy */;
		};
		46TEST0112F9B1CF500EB8FA9 /* PBXTargetDependency */ = {
			isa = PBXTargetDependency;
			target = 4604F6A72F9B1CF500EB8FA9 /* LearnTrack */;
			targetProxy = 46TEST0122F9B1CF500EB8FA9 /* PBXContainerItemProxy */;
		};
/* End PBXTargetDependency section */

/* Begin XCBuildConfiguration section */
		4604F6B12F9B1CF600EB8FA9 /* Debug */ = {
			isa = XCBuildConfiguration;
			buildSettings = {
				ALWAYS_SEARCH_USER_PATHS = NO;
				ASSETCATALOG_COMPILER_GENERATE_SWIFT_ASSET_SYMBOL_EXTENSIONS = YES;
				CLANG_ANALYZER_NONNULL = YES;
				CLANG_ANALYZER_NUMBER_OBJECT_CONVERSION = YES_AGGRESSIVE;
				CLANG_CXX_LANGUAGE_STANDARD = "gnu++20";
				CLANG_ENABLE_MODULES = YES;
				CLANG_ENABLE_OBJC_ARC = YES;
				CLANG_ENABLE_OBJC_WEAK = YES;
				CLANG_WARN_BLOCK_CAPTURE_AUTORELEASING = YES;
				CLANG_WARN_BOOL_CONVERSION = YES;
				CLANG_WARN_COMMA = YES;
				CLANG_WARN_CONSTANT_CONVERSION = YES;
				CLANG_WARN_DEPRECATED_OBJC_IMPLEMENTATIONS = YES;
				CLANG_WARN_DIRECT_OBJC_ISA_USAGE = YES_ERROR;
				CLANG_WARN_DOCUMENTATION_COMMENTS = YES;
				CLANG_WARN_EMPTY_BODY = YES;
				CLANG_WARN_ENUM_CONVERSION = YES;
				CLANG_WARN_INFINITE_RECURSION = YES;
				CLANG_WARN_INT_CONVERSION = YES;
				CLANG_WARN_NON_LITERAL_NULL_CONVERSION = YES;
				CLANG_WARN_OBJC_IMPLICIT_RETAIN_SELF = YES;
				CLANG_WARN_OBJC_LITERAL_CONVERSION = YES;
				CLANG_WARN_OBJC_ROOT_CLASS = YES_ERROR;
				CLANG_WARN_QUOTED_INCLUDE_IN_FRAMEWORK_HEADER = YES;
				CLANG_WARN_RANGE_LOOP_ANALYSIS = YES;
				CLANG_WARN_STRICT_PROTOTYPES = YES;
				CLANG_WARN_SUSPICIOUS_MOVE = YES;
				CLANG_WARN_UNGUARDED_AVAILABILITY = YES_AGGRESSIVE;
				CLANG_WARN_UNREACHABLE_CODE = YES;
				CLANG_WARN__DUPLICATE_METHOD_MATCH = YES;
				COPY_PHASE_STRIP = NO;
				DEBUG_INFORMATION_FORMAT = dwarf;
				ENABLE_STRICT_OBJC_MSGSEND = YES;
				ENABLE_TESTABILITY = YES;
				ENABLE_USER_SCRIPT_SANDBOXING = YES;
				GCC_C_LANGUAGE_STANDARD = gnu17;
				GCC_DYNAMIC_NO_PIC = NO;
				GCC_NO_COMMON_BLOCKS = YES;
				GCC_OPTIMIZATION_LEVEL = 0;
				GCC_PREPROCESSOR_DEFINITIONS = (
					"DEBUG=1",
					"$(inherited)",
				);
				GCC_WARN_64_TO_32_BIT_CONVERSION = YES;
				GCC_WARN_ABOUT_RETURN_TYPE = YES_ERROR;
				GCC_WARN_UNDECLARED_SELECTOR = YES;
				GCC_WARN_UNINITIALIZED_AUTOS = YES_AGGRESSIVE;
				GCC_WARN_UNUSED_FUNCTION = YES;
				GCC_WARN_UNUSED_VARIABLE = YES;
				IPHONEOS_DEPLOYMENT_TARGET = 26.2;
				LOCALIZATION_PREFERS_STRING_CATALOGS = YES;
				MTL_ENABLE_DEBUG_INFO = INCLUDE_SOURCE;
				MTL_FAST_MATH = YES;
				ONLY_ACTIVE_ARCH = YES;
				SDKROOT = iphoneos;
				SWIFT_ACTIVE_COMPILATION_CONDITIONS = "DEBUG $(inherited)";
				SWIFT_OPTIMIZATION_LEVEL = "-Onone";
			};
			name = Debug;
		};
		4604F6B22F9B1CF600EB8FA9 /* Release */ = {
			isa = XCBuildConfiguration;
			buildSettings = {
				ALWAYS_SEARCH_USER_PATHS = NO;
				ASSETCATALOG_COMPILER_GENERATE_SWIFT_ASSET_SYMBOL_EXTENSIONS = YES;
				CLANG_ANALYZER_NONNULL = YES;
				CLANG_ANALYZER_NUMBER_OBJECT_CONVERSION = YES_AGGRESSIVE;
				CLANG_CXX_LANGUAGE_STANDARD = "gnu++20";
				CLANG_ENABLE_MODULES = YES;
				CLANG_ENABLE_OBJC_ARC = YES;
				CLANG_ENABLE_OBJC_WEAK = YES;
				CLANG_WARN_BLOCK_CAPTURE_AUTORELEASING = YES;
				CLANG_WARN_BOOL_CONVERSION = YES;
				CLANG_WARN_COMMA = YES;
				CLANG_WARN_CONSTANT_CONVERSION = YES;
				CLANG_WARN_DEPRECATED_OBJC_IMPLEMENTATIONS = YES;
				CLANG_WARN_DIRECT_OBJC_ISA_USAGE = YES_ERROR;
				CLANG_WARN_DOCUMENTATION_COMMENTS = YES;
				CLANG_WARN_EMPTY_BODY = YES;
				CLANG_WARN_ENUM_CONVERSION = YES;
				CLANG_WARN_INFINITE_RECURSION = YES;
				CLANG_WARN_INT_CONVERSION = YES;
				CLANG_WARN_NON_LITERAL_NULL_CONVERSION = YES;
				CLANG_WARN_OBJC_IMPLICIT_RETAIN_SELF = YES;
				CLANG_WARN_OBJC_LITERAL_CONVERSION = YES;
				CLANG_WARN_OBJC_ROOT_CLASS = YES_ERROR;
				CLANG_WARN_QUOTED_INCLUDE_IN_FRAMEWORK_HEADER = YES;
				CLANG_WARN_RANGE_LOOP_ANALYSIS = YES;
				CLANG_WARN_STRICT_PROTOTYPES = YES;
				CLANG_WARN_SUSPICIOUS_MOVE = YES;
				CLANG_WARN_UNGUARDED_AVAILABILITY = YES_AGGRESSIVE;
				CLANG_WARN_UNREACHABLE_CODE = YES;
				CLANG_WARN__DUPLICATE_METHOD_MATCH = YES;
				COPY_PHASE_STRIP = NO;
				DEBUG_INFORMATION_FORMAT = "dwarf-with-dsym";
				ENABLE_NS_ASSERTIONS = NO;
				ENABLE_STRICT_OBJC_MSGSEND = YES;
				ENABLE_USER_SCRIPT_SANDBOXING = YES;
				GCC_C_LANGUAGE_STANDARD = gnu17;
				GCC_NO_COMMON_BLOCKS = YES;
				GCC_WARN_64_TO_32_BIT_CONVERSION = YES;
				GCC_WARN_ABOUT_RETURN_TYPE = YES_ERROR;
				GCC_WARN_UNDECLARED_SELECTOR = YES;
				GCC_WARN_UNINITIALIZED_AUTOS = YES_AGGRESSIVE;
				GCC_WARN_UNUSED_FUNCTION = YES;
				GCC_WARN_UNUSED_VARIABLE = YES;
				IPHONEOS_DEPLOYMENT_TARGET = 26.2;
				LOCALIZATION_PREFERS_STRING_CATALOGS = YES;
				MTL_ENABLE_DEBUG_INFO = NO;
				MTL_FAST_MATH = YES;
				SDKROOT = iphoneos;
				SWIFT_COMPILATION_MODE = wholemodule;
				VALIDATE_PRODUCT = YES;
			};
			name = Release;
		};
		4604F6B42F9B1CF600EB8FA9 /* Debug */ = {
			isa = XCBuildConfiguration;
			buildSettings = {
				ASSETCATALOG_COMPILER_APPICON_NAME = AppIcon;
				ASSETCATALOG_COMPILER_GLOBAL_ACCENT_COLOR_NAME = AccentColor;
				CODE_SIGN_ENTITLEMENTS = LearnTrack/LearnTrack.entitlements;
				CODE_SIGN_STYLE = Automatic;
				CURRENT_PROJECT_VERSION = 1;
				ENABLE_PREVIEWS = YES;
				GENERATE_INFOPLIST_FILE = YES;
				INFOPLIST_KEY_NSCalendarsFullAccessUsageDescription = "LearnTrack needs calendar access to save and show your planned study sessions.";
				INFOPLIST_KEY_NSCalendarsUsageDescription = "LearnTrack needs calendar access to save and show your planned study sessions.";
				INFOPLIST_KEY_NSRemindersFullAccessUsageDescription = "LearnTrack needs reminders access to create study reminders.";
				INFOPLIST_KEY_NSRemindersUsageDescription = "LearnTrack needs reminders access to create study reminders.";
				INFOPLIST_KEY_NSSupportsLiveActivities = YES;
				INFOPLIST_KEY_NSSupportsLiveActivitiesFrequentUpdates = YES;
				INFOPLIST_KEY_UIApplicationSceneManifest_Generation = YES;
				INFOPLIST_KEY_UIApplicationSupportsIndirectInputEvents = YES;
				INFOPLIST_KEY_UILaunchScreen_Generation = YES;
				INFOPLIST_KEY_UISupportedInterfaceOrientations_iPad = "UIInterfaceOrientationPortrait UIInterfaceOrientationPortraitUpsideDown UIInterfaceOrientationLandscapeLeft UIInterfaceOrientationLandscapeRight";
				INFOPLIST_KEY_UISupportedInterfaceOrientations_iPhone = "UIInterfaceOrientationPortrait UIInterfaceOrientationLandscapeLeft UIInterfaceOrientationLandscapeRight";
				LD_RUNPATH_SEARCH_PATHS = (
					"$(inherited)",
					"@executable_path/Frameworks",
				);
				MARKETING_VERSION = 1.0;
				PRODUCT_BUNDLE_IDENTIFIER = Thulani.LearnTrack;
				PRODUCT_NAME = "$(TARGET_NAME)";
				STRING_CATALOG_GENERATE_SYMBOLS = YES;
				SWIFT_APPROACHABLE_CONCURRENCY = YES;
				SWIFT_DEFAULT_ACTOR_ISOLATION = MainActor;
				SWIFT_EMIT_LOC_STRINGS = YES;
				SWIFT_UPCOMING_FEATURE_MEMBER_IMPORT_VISIBILITY = YES;
				SWIFT_VERSION = 5.0;
				TARGETED_DEVICE_FAMILY = "1,2";
			};
			name = Debug;
		};
		4604F6B52F9B1CF600EB8FA9 /* Release */ = {
			isa = XCBuildConfiguration;
			buildSettings = {
				ASSETCATALOG_COMPILER_APPICON_NAME = AppIcon;
				ASSETCATALOG_COMPILER_GLOBAL_ACCENT_COLOR_NAME = AccentColor;
				CODE_SIGN_ENTITLEMENTS = LearnTrack/LearnTrack.entitlements;
				CODE_SIGN_STYLE = Automatic;
				CURRENT_PROJECT_VERSION = 1;
				ENABLE_PREVIEWS = YES;
				GENERATE_INFOPLIST_FILE = YES;
				INFOPLIST_KEY_NSCalendarsFullAccessUsageDescription = "LearnTrack needs calendar access to save and show your planned study sessions.";
				INFOPLIST_KEY_NSCalendarsUsageDescription = "LearnTrack needs calendar access to save and show your planned study sessions.";
				INFOPLIST_KEY_NSRemindersFullAccessUsageDescription = "LearnTrack needs reminders access to create study reminders.";
				INFOPLIST_KEY_NSRemindersUsageDescription = "LearnTrack needs reminders access to create study reminders.";
				INFOPLIST_KEY_NSSupportsLiveActivities = YES;
				INFOPLIST_KEY_NSSupportsLiveActivitiesFrequentUpdates = YES;
				INFOPLIST_KEY_UIApplicationSceneManifest_Generation = YES;
				INFOPLIST_KEY_UIApplicationSupportsIndirectInputEvents = YES;
				INFOPLIST_KEY_UILaunchScreen_Generation = YES;
				INFOPLIST_KEY_UISupportedInterfaceOrientations_iPad = "UIInterfaceOrientationPortrait UIInterfaceOrientationPortraitUpsideDown UIInterfaceOrientationLandscapeLeft UIInterfaceOrientationLandscapeRight";
				INFOPLIST_KEY_UISupportedInterfaceOrientations_iPhone = "UIInterfaceOrientationPortrait UIInterfaceOrientationLandscapeLeft UIInterfaceOrientationLandscapeRight";
				LD_RUNPATH_SEARCH_PATHS = (
					"$(inherited)",
					"@executable_path/Frameworks",
				);
				MARKETING_VERSION = 1.0;
				PRODUCT_BUNDLE_IDENTIFIER = Thulani.LearnTrack;
				PRODUCT_NAME = "$(TARGET_NAME)";
				STRING_CATALOG_GENERATE_SYMBOLS = YES;
				SWIFT_APPROACHABLE_CONCURRENCY = YES;
				SWIFT_DEFAULT_ACTOR_ISOLATION = MainActor;
				SWIFT_EMIT_LOC_STRINGS = YES;
				SWIFT_UPCOMING_FEATURE_MEMBER_IMPORT_VISIBILITY = YES;
				SWIFT_VERSION = 5.0;
				TARGETED_DEVICE_FAMILY = "1,2";
			};
			name = Release;
		};
		467C66982FA888DD004A0E7A /* Debug */ = {
			isa = XCBuildConfiguration;
			buildSettings = {
				ASSETCATALOG_COMPILER_GLOBAL_ACCENT_COLOR_NAME = AccentColor;
				ASSETCATALOG_COMPILER_WIDGET_BACKGROUND_COLOR_NAME = WidgetBackground;
				CODE_SIGN_STYLE = Automatic;
				CURRENT_PROJECT_VERSION = 1;
				GENERATE_INFOPLIST_FILE = YES;
				INFOPLIST_FILE = LearnTrackWidget/Info.plist;
				INFOPLIST_KEY_CFBundleDisplayName = LearnTrackWidget;
				INFOPLIST_KEY_NSHumanReadableCopyright = "";
				LD_RUNPATH_SEARCH_PATHS = (
					"$(inherited)",
					"@executable_path/Frameworks",
					"@executable_path/../../Frameworks",
				);
				MARKETING_VERSION = 1.0;
				PRODUCT_BUNDLE_IDENTIFIER = Thulani.LearnTrack.LearnTrackWidget;
				PRODUCT_NAME = "$(TARGET_NAME)";
				SKIP_INSTALL = YES;
				STRING_CATALOG_GENERATE_SYMBOLS = YES;
				SWIFT_APPROACHABLE_CONCURRENCY = YES;
				SWIFT_EMIT_LOC_STRINGS = YES;
				SWIFT_UPCOMING_FEATURE_MEMBER_IMPORT_VISIBILITY = YES;
				SWIFT_VERSION = 5.0;
				TARGETED_DEVICE_FAMILY = "1,2";
			};
			name = Debug;
		};
		467C66992FA888DD004A0E7A /* Release */ = {
			isa = XCBuildConfiguration;
			buildSettings = {
				ASSETCATALOG_COMPILER_GLOBAL_ACCENT_COLOR_NAME = AccentColor;
				ASSETCATALOG_COMPILER_WIDGET_BACKGROUND_COLOR_NAME = WidgetBackground;
				CODE_SIGN_STYLE = Automatic;
				CURRENT_PROJECT_VERSION = 1;
				GENERATE_INFOPLIST_FILE = YES;
				INFOPLIST_FILE = LearnTrackWidget/Info.plist;
				INFOPLIST_KEY_CFBundleDisplayName = LearnTrackWidget;
				INFOPLIST_KEY_NSHumanReadableCopyright = "";
				LD_RUNPATH_SEARCH_PATHS = (
					"$(inherited)",
					"@executable_path/Frameworks",
					"@executable_path/../../Frameworks",
				);
				MARKETING_VERSION = 1.0;
				PRODUCT_BUNDLE_IDENTIFIER = Thulani.LearnTrack.LearnTrackWidget;
				PRODUCT_NAME = "$(TARGET_NAME)";
				SKIP_INSTALL = YES;
				STRING_CATALOG_GENERATE_SYMBOLS = YES;
				SWIFT_APPROACHABLE_CONCURRENCY = YES;
				SWIFT_EMIT_LOC_STRINGS = YES;
				SWIFT_UPCOMING_FEATURE_MEMBER_IMPORT_VISIBILITY = YES;
				SWIFT_VERSION = 5.0;
				TARGETED_DEVICE_FAMILY = "1,2";
			};
			name = Release;
		};
		46TEST0152F9B1CF500EB8FA9 /* Debug */ = {
			isa = XCBuildConfiguration;
			buildSettings = {
				BUNDLE_LOADER = "$(TEST_HOST)";
				CODE_SIGN_STYLE = Automatic;
				CURRENT_PROJECT_VERSION = 1;
				GENERATE_INFOPLIST_FILE = YES;
				IPHONEOS_DEPLOYMENT_TARGET = 26.2;
				MARKETING_VERSION = 1.0;
				PRODUCT_BUNDLE_IDENTIFIER = Thulani.LearnTrackTests;
				PRODUCT_NAME = "$(TARGET_NAME)";
				SWIFT_APPROACHABLE_CONCURRENCY = YES;
				SWIFT_EMIT_LOC_STRINGS = YES;
				SWIFT_UPCOMING_FEATURE_MEMBER_IMPORT_VISIBILITY = YES;
				SWIFT_VERSION = 5.0;
				TARGETED_DEVICE_FAMILY = "1,2";
				TEST_HOST = "$(BUILT_PRODUCTS_DIR)/LearnTrack.app/$(BUNDLE_EXECUTABLE_FOLDER_PATH)/LearnTrack";
			};
			name = Debug;
		};
		46TEST0162F9B1CF500EB8FA9 /* Release */ = {
			isa = XCBuildConfiguration;
			buildSettings = {
				BUNDLE_LOADER = "$(TEST_HOST)";
				CODE_SIGN_STYLE = Automatic;
				CURRENT_PROJECT_VERSION = 1;
				GENERATE_INFOPLIST_FILE = YES;
				IPHONEOS_DEPLOYMENT_TARGET = 26.2;
				MARKETING_VERSION = 1.0;
				PRODUCT_BUNDLE_IDENTIFIER = Thulani.LearnTrackTests;
				PRODUCT_NAME = "$(TARGET_NAME)";
				SWIFT_APPROACHABLE_CONCURRENCY = YES;
				SWIFT_EMIT_LOC_STRINGS = YES;
				SWIFT_UPCOMING_FEATURE_MEMBER_IMPORT_VISIBILITY = YES;
				SWIFT_VERSION = 5.0;
				TARGETED_DEVICE_FAMILY = "1,2";
				TEST_HOST = "$(BUILT_PRODUCTS_DIR)/LearnTrack.app/$(BUNDLE_EXECUTABLE_FOLDER_PATH)/LearnTrack";
			};
			name = Release;
		};
/* End XCBuildConfiguration section */

/* Begin XCConfigurationList section */
		4604F6A32F9B1CF500EB8FA9 /* Build configuration list for PBXProject "LearnTrack" */ = {
			isa = XCConfigurationList;
			buildConfigurations = (
				4604F6B12F9B1CF600EB8FA9 /* Debug */,
				4604F6B22F9B1CF600EB8FA9 /* Release */,
			);
			defaultConfigurationIsVisible = 0;
			defaultConfigurationName = Release;
		};
		4604F6B32F9B1CF600EB8FA9 /* Build configuration list for PBXNativeTarget "LearnTrack" */ = {
			isa = XCConfigurationList;
			buildConfigurations = (
				4604F6B42F9B1CF600EB8FA9 /* Debug */,
				4604F6B52F9B1CF600EB8FA9 /* Release */,
			);
			defaultConfigurationIsVisible = 0;
			defaultConfigurationName = Release;
		};
		467C66972FA888DD004A0E7A /* Build configuration list for PBXNativeTarget "LearnTrackWidgetExtension" */ = {
			isa = XCConfigurationList;
			buildConfigurations = (
				467C66982FA888DD004A0E7A /* Debug */,
				467C66992FA888DD004A0E7A /* Release */,
			);
			defaultConfigurationIsVisible = 0;
			defaultConfigurationName = Release;
		};
		46TEST0142F9B1CF500EB8FA9 /* Build configuration list for PBXNativeTarget "LearnTrackTests" */ = {
			isa = XCConfigurationList;
			buildConfigurations = (
				46TEST0152F9B1CF500EB8FA9 /* Debug */,
				46TEST0162F9B1CF500EB8FA9 /* Release */,
			);
			defaultConfigurationIsVisible = 0;
			defaultConfigurationName = Release;
		};
/* End XCConfigurationList section */

/* Begin XCRemoteSwiftPackageReference section */
		460EAEFF2F9BA93800331994 /* XCRemoteSwiftPackageReference "firebase-ios-sdk" */ = {
			isa = XCRemoteSwiftPackageReference;
			repositoryURL = "https://github.com/firebase/firebase-ios-sdk";
			requirement = {
				kind = upToNextMajorVersion;
				minimumVersion = 12.12.1;
			};
		};
/* End XCRemoteSwiftPackageReference section */

/* Begin XCSwiftPackageProductDependency section */
		460EAF002F9BA93800331994 /* FirebaseAnalytics */ = {
			isa = XCSwiftPackageProductDependency;
			package = 460EAEFF2F9BA93800331994 /* XCRemoteSwiftPackageReference "firebase-ios-sdk" */;
			productName = FirebaseAnalytics;
		};
		460EAF022F9BA93800331994 /* FirebaseAuth */ = {
			isa = XCSwiftPackageProductDependency;
			package = 460EAEFF2F9BA93800331994 /* XCRemoteSwiftPackageReference "firebase-ios-sdk" */;
			productName = FirebaseAuth;
		};
		460EAF042F9BA93800331994 /* FirebaseFirestore */ = {
			isa = XCSwiftPackageProductDependency;
			package = 460EAEFF2F9BA93800331994 /* XCRemoteSwiftPackageReference "firebase-ios-sdk" */;
			productName = FirebaseFirestore;
		};
		460EAF062F9BA93800331994 /* FirebaseMessaging */ = {
			isa = XCSwiftPackageProductDependency;
			package = 460EAEFF2F9BA93800331994 /* XCRemoteSwiftPackageReference "firebase-ios-sdk" */;
			productName = FirebaseMessaging;
		};
/* End XCSwiftPackageProductDependency section */
	};
	rootObject = 4604F6A02F9B1CF500EB8FA9 /* Project object */;
}
